
Microsoft Visual Studio Solution File, Format Version 11.00
# Visual Basic Express 2010
Project("{F184B08F-C81C-45F6-A57F-5ABD9991F28F}") = "麗山08", "麗山08\麗山08.vbproj", "{4AFE4B10-0385-4332-AC0E-81B73A6FC456}"
EndProject
Global
	GlobalSection(SolutionConfigurationPlatforms) = preSolution
		Debug|x86 = Debug|x86
		Release|x86 = Release|x86
	EndGlobalSection
	GlobalSection(ProjectConfigurationPlatforms) = postSolution
		{4AFE4B10-0385-4332-AC0E-81B73A6FC456}.Debug|x86.ActiveCfg = Debug|x86
		{4AFE4B10-0385-4332-AC0E-81B73A6FC456}.Debug|x86.Build.0 = Debug|x86
		{4AFE4B10-0385-4332-AC0E-81B73A6FC456}.Release|x86.ActiveCfg = Release|x86
		{4AFE4B10-0385-4332-AC0E-81B73A6FC456}.Release|x86.Build.0 = Release|x86
	EndGlobalSection
	GlobalSection(SolutionProperties) = preSolution
		HideSolutionNode = FALSE
	EndGlobalSection
EndGlobal
